
Microsoft Visual Studio Solution File, Format Version 11.00
# Visual Studio Version 16
Project("{8BC9CEB8-8B4A-11D0-8D11-00A0C91BC942}") = "3d", "3d.vcxproj", "{50B99C05-ABD2-4326-A0F9-287B42532780}"
EndProject
Project("{8BC9CEB8-8B4A-11D0-8D11-00A0C91BC942}") = "3d_multi", "3d_multi.vcxproj", "{69183BE5-6550-458D-8C48-7EBEF903F6C8}"
EndProject
Project("{8BC9CEB8-8B4A-11D0-8D11-00A0C91BC942}") = "event_parameter", "event_parameter.vcxproj", "{1DBA27B8-9DE7-46E3-9EDD-A0F2F2C7FA42}"
EndProject
Project("{8BC9CEB8-8B4A-11D0-8D11-00A0C91BC942}") = "load_banks", "load_banks.vcxproj", "{33B51AF9-D72F-450C-AC1C-BB3383836A8B}"
EndProject
Project("{8BC9CEB8-8B4A-11D0-8D11-00A0C91BC942}") = "music_callbacks", "music_callbacks.vcxproj", "{B4BBE7A1-A445-4B40-8E1D-14782D9C0E33}"
EndProject
Project("{8BC9CEB8-8B4A-11D0-8D11-00A0C91BC942}") = "objectpan", "objectpan.vcxproj", "{A68D849E-2678-4CB4-94B1-DCAB7CD44502}"
EndProject
Project("{8BC9CEB8-8B4A-11D0-8D11-00A0C91BC942}") = "programmer_sound", "programmer_sound.vcxproj", "{A1881DB2-ACEA-4B08-8FF8-4B436FF03E9D}"
EndProject
Project("{8BC9CEB8-8B4A-11D0-8D11-00A0C91BC942}") = "recording_playback", "recording_playback.vcxproj", "{DFCE4B87-2D38-4A78-84FA-9C1054A3AD3D}"
EndProject
Project("{8BC9CEB8-8B4A-11D0-8D11-00A0C91BC942}") = "simple_event", "simple_event.vcxproj", "{6F1402D3-A191-4A19-81DA-F38A919CE531}"
EndProject
Global
	GlobalSection(SolutionConfigurationPlatforms) = preSolution
		Debug|Win32 = Debug|Win32
		Debug|x64 = Debug|x64
		Release|Win32 = Release|Win32
		Release|x64 = Release|x64
	EndGlobalSection
	GlobalSection(ProjectConfigurationPlatforms) = postSolution
		{50B99C05-ABD2-4326-A0F9-287B42532780}.Debug|Win32.ActiveCfg = Debug|Win32
		{50B99C05-ABD2-4326-A0F9-287B42532780}.Debug|Win32.Build.0 = Debug|Win32
		{50B99C05-ABD2-4326-A0F9-287B42532780}.Debug|Win32.Deploy.0 = Debug|Win32
		{50B99C05-ABD2-4326-A0F9-287B42532780}.Debug|x64.ActiveCfg = Debug|x64
		{50B99C05-ABD2-4326-A0F9-287B42532780}.Debug|x64.Build.0 = Debug|x64
		{50B99C05-ABD2-4326-A0F9-287B42532780}.Debug|x64.Deploy.0 = Debug|x64
		{50B99C05-ABD2-4326-A0F9-287B42532780}.Release|Win32.ActiveCfg = Release|Win32
		{50B99C05-ABD2-4326-A0F9-287B42532780}.Release|Win32.Build.0 = Release|Win32
		{50B99C05-ABD2-4326-A0F9-287B42532780}.Release|Win32.Deploy.0 = Release|Win32
		{50B99C05-ABD2-4326-A0F9-287B42532780}.Release|x64.ActiveCfg = Release|x64
		{50B99C05-ABD2-4326-A0F9-287B42532780}.Release|x64.Build.0 = Release|x64
		{50B99C05-ABD2-4326-A0F9-287B42532780}.Release|x64.Deploy.0 = Release|x64
		{69183BE5-6550-458D-8C48-7EBEF903F6C8}.Debug|Win32.ActiveCfg = Debug|Win32
		{69183BE5-6550-458D-8C48-7EBEF903F6C8}.Debug|Win32.Build.0 = Debug|Win32
		{69183BE5-6550-458D-8C48-7EBEF903F6C8}.Debug|Win32.Deploy.0 = Debug|Win32
		{69183BE5-6550-458D-8C48-7EBEF903F6C8}.Debug|x64.ActiveCfg = Debug|x64
		{69183BE5-6550-458D-8C48-7EBEF903F6C8}.Debug|x64.Build.0 = Debug|x64
		{69183BE5-6550-458D-8C48-7EBEF903F6C8}.Debug|x64.Deploy.0 = Debug|x64
		{69183BE5-6550-458D-8C48-7EBEF903F6C8}.Release|Win32.ActiveCfg = Release|Win32
		{69183BE5-6550-458D-8C48-7EBEF903F6C8}.Release|Win32.Build.0 = Release|Win32
		{69183BE5-6550-458D-8C48-7EBEF903F6C8}.Release|Win32.Deploy.0 = Release|Win32
		{69183BE5-6550-458D-8C48-7EBEF903F6C8}.Release|x64.ActiveCfg = Release|x64
		{69183BE5-6550-458D-8C48-7EBEF903F6C8}.Release|x64.Build.0 = Release|x64
		{69183BE5-6550-458D-8C48-7EBEF903F6C8}.Release|x64.Deploy.0 = Release|x64
		{1DBA27B8-9DE7-46E3-9EDD-A0F2F2C7FA42}.Debug|Win32.ActiveCfg = Debug|Win32
		{1DBA27B8-9DE7-46E3-9EDD-A0F2F2C7FA42}.Debug|Win32.Build.0 = Debug|Win32
		{1DBA27B8-9DE7-46E3-9EDD-A0F2F2C7FA42}.Debug|Win32.Deploy.0 = Debug|Win32
		{1DBA27B8-9DE7-46E3-9EDD-A0F2F2C7FA42}.Debug|x64.ActiveCfg = Debug|x64
		{1DBA27B8-9DE7-46E3-9EDD-A0F2F2C7FA42}.Debug|x64.Build.0 = Debug|x64
		{1DBA27B8-9DE7-46E3-9EDD-A0F2F2C7FA42}.Debug|x64.Deploy.0 = Debug|x64
		{1DBA27B8-9DE7-46E3-9EDD-A0F2F2C7FA42}.Release|Win32.ActiveCfg = Release|Win32
		{1DBA27B8-9DE7-46E3-9EDD-A0F2F2C7FA42}.Release|Win32.Build.0 = Release|Win32
		{1DBA27B8-9DE7-46E3-9EDD-A0F2F2C7FA42}.Release|Win32.Deploy.0 = Release|Win32
		{1DBA27B8-9DE7-46E3-9EDD-A0F2F2C7FA42}.Release|x64.ActiveCfg = Release|x64
		{1DBA27B8-9DE7-46E3-9EDD-A0F2F2C7FA42}.Release|x64.Build.0 = Release|x64
		{1DBA27B8-9DE7-46E3-9EDD-A0F2F2C7FA42}.Release|x64.Deploy.0 = Release|x64
		{33B51AF9-D72F-450C-AC1C-BB3383836A8B}.Debug|Win32.ActiveCfg = Debug|Win32
		{33B51AF9-D72F-450C-AC1C-BB3383836A8B}.Debug|Win32.Build.0 = Debug|Win32
		{33B51AF9-D72F-450C-AC1C-BB3383836A8B}.Debug|Win32.Deploy.0 = Debug|Win32
		{33B51AF9-D72F-450C-AC1C-BB3383836A8B}.Debug|x64.ActiveCfg = Debug|x64
		{33B51AF9-D72F-450C-AC1C-BB3383836A8B}.Debug|x64.Build.0 = Debug|x64
		{33B51AF9-D72F-450C-AC1C-BB3383836A8B}.Debug|x64.Deploy.0 = Debug|x64
		{33B51AF9-D72F-450C-AC1C-BB3383836A8B}.Release|Win32.ActiveCfg = Release|Win32
		{33B51AF9-D72F-450C-AC1C-BB3383836A8B}.Release|Win32.Build.0 = Release|Win32
		{33B51AF9-D72F-450C-AC1C-BB3383836A8B}.Release|Win32.Deploy.0 = Release|Win32
		{33B51AF9-D72F-450C-AC1C-BB3383836A8B}.Release|x64.ActiveCfg = Release|x64
		{33B51AF9-D72F-450C-AC1C-BB3383836A8B}.Release|x64.Build.0 = Release|x64
		{33B51AF9-D72F-450C-AC1C-BB3383836A8B}.Release|x64.Deploy.0 = Release|x64
		{B4BBE7A1-A445-4B40-8E1D-14782D9C0E33}.Debug|Win32.ActiveCfg = Debug|Win32
		{B4BBE7A1-A445-4B40-8E1D-14782D9C0E33}.Debug|Win32.Build.0 = Debug|Win32
		{B4BBE7A1-A445-4B40-8E1D-14782D9C0E33}.Debug|Win32.Deploy.0 = Debug|Win32
		{B4BBE7A1-A445-4B40-8E1D-14782D9C0E33}.Debug|x64.ActiveCfg = Debug|x64
		{B4BBE7A1-A445-4B40-8E1D-14782D9C0E33}.Debug|x64.Build.0 = Debug|x64
		{B4BBE7A1-A445-4B40-8E1D-14782D9C0E33}.Debug|x64.Deploy.0 = Debug|x64
		{B4BBE7A1-A445-4B40-8E1D-14782D9C0E33}.Release|Win32.ActiveCfg = Release|Win32
		{B4BBE7A1-A445-4B40-8E1D-14782D9C0E33}.Release|Win32.Build.0 = Release|Win32
		{B4BBE7A1-A445-4B40-8E1D-14782D9C0E33}.Release|Win32.Deploy.0 = Release|Win32
		{B4BBE7A1-A445-4B40-8E1D-14782D9C0E33}.Release|x64.ActiveCfg = Release|x64
		{B4BBE7A1-A445-4B40-8E1D-14782D9C0E33}.Release|x64.Build.0 = Release|x64
		{B4BBE7A1-A445-4B40-8E1D-14782D9C0E33}.Release|x64.Deploy.0 = Release|x64
		{A68D849E-2678-4CB4-94B1-DCAB7CD44502}.Debug|Win32.ActiveCfg = Debug|Win32
		{A68D849E-2678-4CB4-94B1-DCAB7CD44502}.Debug|Win32.Build.0 = Debug|Win32
		{A68D849E-2678-4CB4-94B1-DCAB7CD44502}.Debug|Win32.Deploy.0 = Debug|Win32
		{A68D849E-2678-4CB4-94B1-DCAB7CD44502}.Debug|x64.ActiveCfg = Debug|x64
		{A68D849E-2678-4CB4-94B1-DCAB7CD44502}.Debug|x64.Build.0 = Debug|x64
		{A68D849E-2678-4CB4-94B1-DCAB7CD44502}.Debug|x64.Deploy.0 = Debug|x64
		{A68D849E-2678-4CB4-94B1-DCAB7CD44502}.Release|Win32.ActiveCfg = Release|Win32
		{A68D849E-2678-4CB4-94B1-DCAB7CD44502}.Release|Win32.Build.0 = Release|Win32
		{A68D849E-2678-4CB4-94B1-DCAB7CD44502}.Release|Win32.Deploy.0 = Release|Win32
		{A68D849E-2678-4CB4-94B1-DCAB7CD44502}.Release|x64.ActiveCfg = Release|x64
		{A68D849E-2678-4CB4-94B1-DCAB7CD44502}.Release|x64.Build.0 = Release|x64
		{A68D849E-2678-4CB4-94B1-DCAB7CD44502}.Release|x64.Deploy.0 = Release|x64
		{A1881DB2-ACEA-4B08-8FF8-4B436FF03E9D}.Debug|Win32.ActiveCfg = Debug|Win32
		{A1881DB2-ACEA-4B08-8FF8-4B436FF03E9D}.Debug|Win32.Build.0 = Debug|Win32
		{A1881DB2-ACEA-4B08-8FF8-4B436FF03E9D}.Debug|Win32.Deploy.0 = Debug|Win32
		{A1881DB2-ACEA-4B08-8FF8-4B436FF03E9D}.Debug|x64.ActiveCfg = Debug|x64
		{A1881DB2-ACEA-4B08-8FF8-4B436FF03E9D}.Debug|x64.Build.0 = Debug|x64
		{A1881DB2-ACEA-4B08-8FF8-4B436FF03E9D}.Debug|x64.Deploy.0 = Debug|x64
		{A1881DB2-ACEA-4B08-8FF8-4B436FF03E9D}.Release|Win32.ActiveCfg = Release|Win32
		{A1881DB2-ACEA-4B08-8FF8-4B436FF03E9D}.Release|Win32.Build.0 = Release|Win32
		{A1881DB2-ACEA-4B08-8FF8-4B436FF03E9D}.Release|Win32.Deploy.0 = Release|Win32
		{A1881DB2-ACEA-4B08-8FF8-4B436FF03E9D}.Release|x64.ActiveCfg = Release|x64
		{A1881DB2-ACEA-4B08-8FF8-4B436FF03E9D}.Release|x64.Build.0 = Release|x64
		{A1881DB2-ACEA-4B08-8FF8-4B436FF03E9D}.Release|x64.Deploy.0 = Release|x64
		{DFCE4B87-2D38-4A78-84FA-9C1054A3AD3D}.Debug|Win32.ActiveCfg = Debug|Win32
		{DFCE4B87-2D38-4A78-84FA-9C1054A3AD3D}.Debug|Win32.Build.0 = Debug|Win32
		{DFCE4B87-2D38-4A78-84FA-9C1054A3AD3D}.Debug|Win32.Deploy.0 = Debug|Win32
		{DFCE4B87-2D38-4A78-84FA-9C1054A3AD3D}.Debug|x64.ActiveCfg = Debug|x64
		{DFCE4B87-2D38-4A78-84FA-9C1054A3AD3D}.Debug|x64.Build.0 = Debug|x64
		{DFCE4B87-2D38-4A78-84FA-9C1054A3AD3D}.Debug|x64.Deploy.0 = Debug|x64
		{DFCE4B87-2D38-4A78-84FA-9C1054A3AD3D}.Release|Win32.ActiveCfg = Release|Win32
		{DFCE4B87-2D38-4A78-84FA-9C1054A3AD3D}.Release|Win32.Build.0 = Release|Win32
		{DFCE4B87-2D38-4A78-84FA-9C1054A3AD3D}.Release|Win32.Deploy.0 = Release|Win32
		{DFCE4B87-2D38-4A78-84FA-9C1054A3AD3D}.Release|x64.ActiveCfg = Release|x64
		{DFCE4B87-2D38-4A78-84FA-9C1054A3AD3D}.Release|x64.Build.0 = Release|x64
		{DFCE4B87-2D38-4A78-84FA-9C1054A3AD3D}.Release|x64.Deploy.0 = Release|x64
		{6F1402D3-A191-4A19-81DA-F38A919CE531}.Debug|Win32.ActiveCfg = Debug|Win32
		{6F1402D3-A191-4A19-81DA-F38A919CE531}.Debug|Win32.Build.0 = Debug|Win32
		{6F1402D3-A191-4A19-81DA-F38A919CE531}.Debug|Win32.Deploy.0 = Debug|Win32
		{6F1402D3-A191-4A19-81DA-F38A919CE531}.Debug|x64.ActiveCfg = Debug|x64
		{6F1402D3-A191-4A19-81DA-F38A919CE531}.Debug|x64.Build.0 = Debug|x64
		{6F1402D3-A191-4A19-81DA-F38A919CE531}.Debug|x64.Deploy.0 = Debug|x64
		{6F1402D3-A191-4A19-81DA-F38A919CE531}.Release|Win32.ActiveCfg = Release|Win32
		{6F1402D3-A191-4A19-81DA-F38A919CE531}.Release|Win32.Build.0 = Release|Win32
		{6F1402D3-A191-4A19-81DA-F38A919CE531}.Release|Win32.Deploy.0 = Release|Win32
		{6F1402D3-A191-4A19-81DA-F38A919CE531}.Release|x64.ActiveCfg = Release|x64
		{6F1402D3-A191-4A19-81DA-F38A919CE531}.Release|x64.Build.0 = Release|x64
		{6F1402D3-A191-4A19-81DA-F38A919CE531}.Release|x64.Deploy.0 = Release|x64
	EndGlobalSection
	GlobalSection(SolutionProperties) = preSolution
		HideSolutionNode = FALSE
	EndGlobalSection
EndGlobal
