
Microsoft Visual Studio Solution File, Format Version 11.00
# Visual Studio 15
Project("{8BC9CEB8-8B4A-11D0-8D11-00A0C91BC942}") = "3d", "3d.vcxproj", "{CFBBA67E-36BE-43D0-BBF7-BD50FFCEB503}"
EndProject
Project("{8BC9CEB8-8B4A-11D0-8D11-00A0C91BC942}") = "3d_multi", "3d_multi.vcxproj", "{BDEADB36-19DB-4673-9665-16A5AA763582}"
EndProject
Project("{8BC9CEB8-8B4A-11D0-8D11-00A0C91BC942}") = "event_parameter", "event_parameter.vcxproj", "{3F7529DA-1957-44EC-88D2-5CAC6C787C73}"
EndProject
Project("{8BC9CEB8-8B4A-11D0-8D11-00A0C91BC942}") = "load_banks", "load_banks.vcxproj", "{524C701D-1449-49D9-8A05-0E4CCA47C8E7}"
EndProject
Project("{8BC9CEB8-8B4A-11D0-8D11-00A0C91BC942}") = "music_callbacks", "music_callbacks.vcxproj", "{29505CEB-53DA-4820-97E2-15228F628EDA}"
EndProject
Project("{8BC9CEB8-8B4A-11D0-8D11-00A0C91BC942}") = "objectpan", "objectpan.vcxproj", "{123185BC-0ADC-4315-AFBA-E0FBD99A9536}"
EndProject
Project("{8BC9CEB8-8B4A-11D0-8D11-00A0C91BC942}") = "programmer_sound", "programmer_sound.vcxproj", "{37D20FA6-BEB9-4C7E-92E4-9EE7E7C62BD0}"
EndProject
Project("{8BC9CEB8-8B4A-11D0-8D11-00A0C91BC942}") = "recording_playback", "recording_playback.vcxproj", "{63A74033-2848-4B91-844A-88C87AE7D1F7}"
EndProject
Project("{8BC9CEB8-8B4A-11D0-8D11-00A0C91BC942}") = "simple_event", "simple_event.vcxproj", "{3B13014E-071C-42C5-A21F-478C880B10EC}"
EndProject
Global
	GlobalSection(SolutionConfigurationPlatforms) = preSolution
		Debug|Win32 = Debug|Win32
		Debug|x64 = Debug|x64
		Release|Win32 = Release|Win32
		Release|x64 = Release|x64
	EndGlobalSection
	GlobalSection(ProjectConfigurationPlatforms) = postSolution
		{CFBBA67E-36BE-43D0-BBF7-BD50FFCEB503}.Debug|Win32.ActiveCfg = Debug|Win32
		{CFBBA67E-36BE-43D0-BBF7-BD50FFCEB503}.Debug|Win32.Build.0 = Debug|Win32
		{CFBBA67E-36BE-43D0-BBF7-BD50FFCEB503}.Debug|Win32.Deploy.0 = Debug|Win32
		{CFBBA67E-36BE-43D0-BBF7-BD50FFCEB503}.Debug|x64.ActiveCfg = Debug|x64
		{CFBBA67E-36BE-43D0-BBF7-BD50FFCEB503}.Debug|x64.Build.0 = Debug|x64
		{CFBBA67E-36BE-43D0-BBF7-BD50FFCEB503}.Debug|x64.Deploy.0 = Debug|x64
		{CFBBA67E-36BE-43D0-BBF7-BD50FFCEB503}.Release|Win32.ActiveCfg = Release|Win32
		{CFBBA67E-36BE-43D0-BBF7-BD50FFCEB503}.Release|Win32.Build.0 = Release|Win32
		{CFBBA67E-36BE-43D0-BBF7-BD50FFCEB503}.Release|Win32.Deploy.0 = Release|Win32
		{CFBBA67E-36BE-43D0-BBF7-BD50FFCEB503}.Release|x64.ActiveCfg = Release|x64
		{CFBBA67E-36BE-43D0-BBF7-BD50FFCEB503}.Release|x64.Build.0 = Release|x64
		{CFBBA67E-36BE-43D0-BBF7-BD50FFCEB503}.Release|x64.Deploy.0 = Release|x64
		{BDEADB36-19DB-4673-9665-16A5AA763582}.Debug|Win32.ActiveCfg = Debug|Win32
		{BDEADB36-19DB-4673-9665-16A5AA763582}.Debug|Win32.Build.0 = Debug|Win32
		{BDEADB36-19DB-4673-9665-16A5AA763582}.Debug|Win32.Deploy.0 = Debug|Win32
		{BDEADB36-19DB-4673-9665-16A5AA763582}.Debug|x64.ActiveCfg = Debug|x64
		{BDEADB36-19DB-4673-9665-16A5AA763582}.Debug|x64.Build.0 = Debug|x64
		{BDEADB36-19DB-4673-9665-16A5AA763582}.Debug|x64.Deploy.0 = Debug|x64
		{BDEADB36-19DB-4673-9665-16A5AA763582}.Release|Win32.ActiveCfg = Release|Win32
		{BDEADB36-19DB-4673-9665-16A5AA763582}.Release|Win32.Build.0 = Release|Win32
		{BDEADB36-19DB-4673-9665-16A5AA763582}.Release|Win32.Deploy.0 = Release|Win32
		{BDEADB36-19DB-4673-9665-16A5AA763582}.Release|x64.ActiveCfg = Release|x64
		{BDEADB36-19DB-4673-9665-16A5AA763582}.Release|x64.Build.0 = Release|x64
		{BDEADB36-19DB-4673-9665-16A5AA763582}.Release|x64.Deploy.0 = Release|x64
		{3F7529DA-1957-44EC-88D2-5CAC6C787C73}.Debug|Win32.ActiveCfg = Debug|Win32
		{3F7529DA-1957-44EC-88D2-5CAC6C787C73}.Debug|Win32.Build.0 = Debug|Win32
		{3F7529DA-1957-44EC-88D2-5CAC6C787C73}.Debug|Win32.Deploy.0 = Debug|Win32
		{3F7529DA-1957-44EC-88D2-5CAC6C787C73}.Debug|x64.ActiveCfg = Debug|x64
		{3F7529DA-1957-44EC-88D2-5CAC6C787C73}.Debug|x64.Build.0 = Debug|x64
		{3F7529DA-1957-44EC-88D2-5CAC6C787C73}.Debug|x64.Deploy.0 = Debug|x64
		{3F7529DA-1957-44EC-88D2-5CAC6C787C73}.Release|Win32.ActiveCfg = Release|Win32
		{3F7529DA-1957-44EC-88D2-5CAC6C787C73}.Release|Win32.Build.0 = Release|Win32
		{3F7529DA-1957-44EC-88D2-5CAC6C787C73}.Release|Win32.Deploy.0 = Release|Win32
		{3F7529DA-1957-44EC-88D2-5CAC6C787C73}.Release|x64.ActiveCfg = Release|x64
		{3F7529DA-1957-44EC-88D2-5CAC6C787C73}.Release|x64.Build.0 = Release|x64
		{3F7529DA-1957-44EC-88D2-5CAC6C787C73}.Release|x64.Deploy.0 = Release|x64
		{524C701D-1449-49D9-8A05-0E4CCA47C8E7}.Debug|Win32.ActiveCfg = Debug|Win32
		{524C701D-1449-49D9-8A05-0E4CCA47C8E7}.Debug|Win32.Build.0 = Debug|Win32
		{524C701D-1449-49D9-8A05-0E4CCA47C8E7}.Debug|Win32.Deploy.0 = Debug|Win32
		{524C701D-1449-49D9-8A05-0E4CCA47C8E7}.Debug|x64.ActiveCfg = Debug|x64
		{524C701D-1449-49D9-8A05-0E4CCA47C8E7}.Debug|x64.Build.0 = Debug|x64
		{524C701D-1449-49D9-8A05-0E4CCA47C8E7}.Debug|x64.Deploy.0 = Debug|x64
		{524C701D-1449-49D9-8A05-0E4CCA47C8E7}.Release|Win32.ActiveCfg = Release|Win32
		{524C701D-1449-49D9-8A05-0E4CCA47C8E7}.Release|Win32.Build.0 = Release|Win32
		{524C701D-1449-49D9-8A05-0E4CCA47C8E7}.Release|Win32.Deploy.0 = Release|Win32
		{524C701D-1449-49D9-8A05-0E4CCA47C8E7}.Release|x64.ActiveCfg = Release|x64
		{524C701D-1449-49D9-8A05-0E4CCA47C8E7}.Release|x64.Build.0 = Release|x64
		{524C701D-1449-49D9-8A05-0E4CCA47C8E7}.Release|x64.Deploy.0 = Release|x64
		{29505CEB-53DA-4820-97E2-15228F628EDA}.Debug|Win32.ActiveCfg = Debug|Win32
		{29505CEB-53DA-4820-97E2-15228F628EDA}.Debug|Win32.Build.0 = Debug|Win32
		{29505CEB-53DA-4820-97E2-15228F628EDA}.Debug|Win32.Deploy.0 = Debug|Win32
		{29505CEB-53DA-4820-97E2-15228F628EDA}.Debug|x64.ActiveCfg = Debug|x64
		{29505CEB-53DA-4820-97E2-15228F628EDA}.Debug|x64.Build.0 = Debug|x64
		{29505CEB-53DA-4820-97E2-15228F628EDA}.Debug|x64.Deploy.0 = Debug|x64
		{29505CEB-53DA-4820-97E2-15228F628EDA}.Release|Win32.ActiveCfg = Release|Win32
		{29505CEB-53DA-4820-97E2-15228F628EDA}.Release|Win32.Build.0 = Release|Win32
		{29505CEB-53DA-4820-97E2-15228F628EDA}.Release|Win32.Deploy.0 = Release|Win32
		{29505CEB-53DA-4820-97E2-15228F628EDA}.Release|x64.ActiveCfg = Release|x64
		{29505CEB-53DA-4820-97E2-15228F628EDA}.Release|x64.Build.0 = Release|x64
		{29505CEB-53DA-4820-97E2-15228F628EDA}.Release|x64.Deploy.0 = Release|x64
		{123185BC-0ADC-4315-AFBA-E0FBD99A9536}.Debug|Win32.ActiveCfg = Debug|Win32
		{123185BC-0ADC-4315-AFBA-E0FBD99A9536}.Debug|Win32.Build.0 = Debug|Win32
		{123185BC-0ADC-4315-AFBA-E0FBD99A9536}.Debug|Win32.Deploy.0 = Debug|Win32
		{123185BC-0ADC-4315-AFBA-E0FBD99A9536}.Debug|x64.ActiveCfg = Debug|x64
		{123185BC-0ADC-4315-AFBA-E0FBD99A9536}.Debug|x64.Build.0 = Debug|x64
		{123185BC-0ADC-4315-AFBA-E0FBD99A9536}.Debug|x64.Deploy.0 = Debug|x64
		{123185BC-0ADC-4315-AFBA-E0FBD99A9536}.Release|Win32.ActiveCfg = Release|Win32
		{123185BC-0ADC-4315-AFBA-E0FBD99A9536}.Release|Win32.Build.0 = Release|Win32
		{123185BC-0ADC-4315-AFBA-E0FBD99A9536}.Release|Win32.Deploy.0 = Release|Win32
		{123185BC-0ADC-4315-AFBA-E0FBD99A9536}.Release|x64.ActiveCfg = Release|x64
		{123185BC-0ADC-4315-AFBA-E0FBD99A9536}.Release|x64.Build.0 = Release|x64
		{123185BC-0ADC-4315-AFBA-E0FBD99A9536}.Release|x64.Deploy.0 = Release|x64
		{37D20FA6-BEB9-4C7E-92E4-9EE7E7C62BD0}.Debug|Win32.ActiveCfg = Debug|Win32
		{37D20FA6-BEB9-4C7E-92E4-9EE7E7C62BD0}.Debug|Win32.Build.0 = Debug|Win32
		{37D20FA6-BEB9-4C7E-92E4-9EE7E7C62BD0}.Debug|Win32.Deploy.0 = Debug|Win32
		{37D20FA6-BEB9-4C7E-92E4-9EE7E7C62BD0}.Debug|x64.ActiveCfg = Debug|x64
		{37D20FA6-BEB9-4C7E-92E4-9EE7E7C62BD0}.Debug|x64.Build.0 = Debug|x64
		{37D20FA6-BEB9-4C7E-92E4-9EE7E7C62BD0}.Debug|x64.Deploy.0 = Debug|x64
		{37D20FA6-BEB9-4C7E-92E4-9EE7E7C62BD0}.Release|Win32.ActiveCfg = Release|Win32
		{37D20FA6-BEB9-4C7E-92E4-9EE7E7C62BD0}.Release|Win32.Build.0 = Release|Win32
		{37D20FA6-BEB9-4C7E-92E4-9EE7E7C62BD0}.Release|Win32.Deploy.0 = Release|Win32
		{37D20FA6-BEB9-4C7E-92E4-9EE7E7C62BD0}.Release|x64.ActiveCfg = Release|x64
		{37D20FA6-BEB9-4C7E-92E4-9EE7E7C62BD0}.Release|x64.Build.0 = Release|x64
		{37D20FA6-BEB9-4C7E-92E4-9EE7E7C62BD0}.Release|x64.Deploy.0 = Release|x64
		{63A74033-2848-4B91-844A-88C87AE7D1F7}.Debug|Win32.ActiveCfg = Debug|Win32
		{63A74033-2848-4B91-844A-88C87AE7D1F7}.Debug|Win32.Build.0 = Debug|Win32
		{63A74033-2848-4B91-844A-88C87AE7D1F7}.Debug|Win32.Deploy.0 = Debug|Win32
		{63A74033-2848-4B91-844A-88C87AE7D1F7}.Debug|x64.ActiveCfg = Debug|x64
		{63A74033-2848-4B91-844A-88C87AE7D1F7}.Debug|x64.Build.0 = Debug|x64
		{63A74033-2848-4B91-844A-88C87AE7D1F7}.Debug|x64.Deploy.0 = Debug|x64
		{63A74033-2848-4B91-844A-88C87AE7D1F7}.Release|Win32.ActiveCfg = Release|Win32
		{63A74033-2848-4B91-844A-88C87AE7D1F7}.Release|Win32.Build.0 = Release|Win32
		{63A74033-2848-4B91-844A-88C87AE7D1F7}.Release|Win32.Deploy.0 = Release|Win32
		{63A74033-2848-4B91-844A-88C87AE7D1F7}.Release|x64.ActiveCfg = Release|x64
		{63A74033-2848-4B91-844A-88C87AE7D1F7}.Release|x64.Build.0 = Release|x64
		{63A74033-2848-4B91-844A-88C87AE7D1F7}.Release|x64.Deploy.0 = Release|x64
		{3B13014E-071C-42C5-A21F-478C880B10EC}.Debug|Win32.ActiveCfg = Debug|Win32
		{3B13014E-071C-42C5-A21F-478C880B10EC}.Debug|Win32.Build.0 = Debug|Win32
		{3B13014E-071C-42C5-A21F-478C880B10EC}.Debug|Win32.Deploy.0 = Debug|Win32
		{3B13014E-071C-42C5-A21F-478C880B10EC}.Debug|x64.ActiveCfg = Debug|x64
		{3B13014E-071C-42C5-A21F-478C880B10EC}.Debug|x64.Build.0 = Debug|x64
		{3B13014E-071C-42C5-A21F-478C880B10EC}.Debug|x64.Deploy.0 = Debug|x64
		{3B13014E-071C-42C5-A21F-478C880B10EC}.Release|Win32.ActiveCfg = Release|Win32
		{3B13014E-071C-42C5-A21F-478C880B10EC}.Release|Win32.Build.0 = Release|Win32
		{3B13014E-071C-42C5-A21F-478C880B10EC}.Release|Win32.Deploy.0 = Release|Win32
		{3B13014E-071C-42C5-A21F-478C880B10EC}.Release|x64.ActiveCfg = Release|x64
		{3B13014E-071C-42C5-A21F-478C880B10EC}.Release|x64.Build.0 = Release|x64
		{3B13014E-071C-42C5-A21F-478C880B10EC}.Release|x64.Deploy.0 = Release|x64
	EndGlobalSection
	GlobalSection(SolutionProperties) = preSolution
		HideSolutionNode = FALSE
	EndGlobalSection
EndGlobal
