
Microsoft Visual Studio Solution File, Format Version 11.00
# Visual Studio 15
Project("{8BC9CEB8-8B4A-11D0-8D11-00A0C91BC942}") = "3d", "3d.vcxproj", "{AE24560B-3096-43C2-9D3D-FD84D280D097}"
EndProject
Project("{8BC9CEB8-8B4A-11D0-8D11-00A0C91BC942}") = "asyncio", "asyncio.vcxproj", "{B492B174-5862-4685-AD03-6A50F1BDD13D}"
EndProject
Project("{8BC9CEB8-8B4A-11D0-8D11-00A0C91BC942}") = "channel_groups", "channel_groups.vcxproj", "{967B345F-1149-4193-B741-D6139F8AF38F}"
EndProject
Project("{8BC9CEB8-8B4A-11D0-8D11-00A0C91BC942}") = "convolution_reverb", "convolution_reverb.vcxproj", "{5DA7D93A-0723-4DBE-BF13-A97095A6AF12}"
EndProject
Project("{8BC9CEB8-8B4A-11D0-8D11-00A0C91BC942}") = "dsp_custom", "dsp_custom.vcxproj", "{8DE08BE4-E8FF-4C26-B22B-AFED824C663C}"
EndProject
Project("{8BC9CEB8-8B4A-11D0-8D11-00A0C91BC942}") = "dsp_effect_per_speaker", "dsp_effect_per_speaker.vcxproj", "{29709949-8033-4E22-81B4-69292481DC72}"
EndProject
Project("{8BC9CEB8-8B4A-11D0-8D11-00A0C91BC942}") = "dsp_inspector", "dsp_inspector.vcxproj", "{E6E25956-AB15-4DF5-9BAC-89A86F4AED89}"
EndProject
Project("{8BC9CEB8-8B4A-11D0-8D11-00A0C91BC942}") = "effects", "effects.vcxproj", "{DEDA3E03-4415-4F73-AC81-0D3DA90FBD35}"
EndProject
Project("{8BC9CEB8-8B4A-11D0-8D11-00A0C91BC942}") = "gapless_playback", "gapless_playback.vcxproj", "{A8051171-1128-42D4-8A06-117AEEB9B898}"
EndProject
Project("{8BC9CEB8-8B4A-11D0-8D11-00A0C91BC942}") = "generate_tone", "generate_tone.vcxproj", "{7585DF47-03ED-469D-9C39-407430D595FA}"
EndProject
Project("{8BC9CEB8-8B4A-11D0-8D11-00A0C91BC942}") = "granular_synth", "granular_synth.vcxproj", "{D0EDB166-E801-406A-BF17-2DB9E43061F6}"
EndProject
Project("{8BC9CEB8-8B4A-11D0-8D11-00A0C91BC942}") = "load_from_memory", "load_from_memory.vcxproj", "{11BCB772-641D-4C0C-B2A2-C9A26371EFB8}"
EndProject
Project("{8BC9CEB8-8B4A-11D0-8D11-00A0C91BC942}") = "multiple_speaker", "multiple_speaker.vcxproj", "{85E648C7-3611-4E41-9381-3C30A7CBCE6E}"
EndProject
Project("{8BC9CEB8-8B4A-11D0-8D11-00A0C91BC942}") = "multiple_system", "multiple_system.vcxproj", "{57A8A82A-0A81-4842-8334-7D778CB8C298}"
EndProject
Project("{8BC9CEB8-8B4A-11D0-8D11-00A0C91BC942}") = "net_stream", "net_stream.vcxproj", "{15E5DFCB-FFDA-4861-B84E-412900C937E9}"
EndProject
Project("{8BC9CEB8-8B4A-11D0-8D11-00A0C91BC942}") = "play_sound", "play_sound.vcxproj", "{905343DC-1B19-4CEA-B350-7755ADFE6135}"
EndProject
Project("{8BC9CEB8-8B4A-11D0-8D11-00A0C91BC942}") = "play_stream", "play_stream.vcxproj", "{E13818EB-D572-4927-8435-D28983437E83}"
EndProject
Project("{8BC9CEB8-8B4A-11D0-8D11-00A0C91BC942}") = "record", "record.vcxproj", "{6AB8B915-50E0-403D-BE30-AB565B9EBEC1}"
EndProject
Project("{8BC9CEB8-8B4A-11D0-8D11-00A0C91BC942}") = "record_enumeration", "record_enumeration.vcxproj", "{8CD19762-C46F-406B-988E-19D5DA22F682}"
EndProject
Project("{8BC9CEB8-8B4A-11D0-8D11-00A0C91BC942}") = "user_created_sound", "user_created_sound.vcxproj", "{02A97D3D-E155-4274-94FE-5A2EE0994128}"
EndProject
Project("{8BC9CEB8-8B4A-11D0-8D11-00A0C91BC942}") = "fmod_codec_raw", "fmod_codec_raw.vcxproj", "{C233E6F1-CA66-44F0-A03B-1E81BDA27884}"
EndProject
Project("{8BC9CEB8-8B4A-11D0-8D11-00A0C91BC942}") = "fmod_distance_filter", "fmod_distance_filter.vcxproj", "{5B180544-857C-4761-83BC-A336B539C305}"
EndProject
Project("{8BC9CEB8-8B4A-11D0-8D11-00A0C91BC942}") = "fmod_gain", "fmod_gain.vcxproj", "{46537E57-6AFC-4034-8224-A8F5642C21D9}"
EndProject
Project("{8BC9CEB8-8B4A-11D0-8D11-00A0C91BC942}") = "fmod_noise", "fmod_noise.vcxproj", "{E8FDADF1-B181-436C-8CEF-EE03582666F7}"
EndProject
Project("{8BC9CEB8-8B4A-11D0-8D11-00A0C91BC942}") = "output_mp3", "output_mp3.vcxproj", "{FD71EA1C-F7A9-4020-99F2-F36B553857CF}"
EndProject
Global
	GlobalSection(SolutionConfigurationPlatforms) = preSolution
		Debug|Win32 = Debug|Win32
		Debug|x64 = Debug|x64
		Release|Win32 = Release|Win32
		Release|x64 = Release|x64
	EndGlobalSection
	GlobalSection(ProjectConfigurationPlatforms) = postSolution
		{AE24560B-3096-43C2-9D3D-FD84D280D097}.Debug|Win32.ActiveCfg = Debug|Win32
		{AE24560B-3096-43C2-9D3D-FD84D280D097}.Debug|Win32.Build.0 = Debug|Win32
		{AE24560B-3096-43C2-9D3D-FD84D280D097}.Debug|Win32.Deploy.0 = Debug|Win32
		{AE24560B-3096-43C2-9D3D-FD84D280D097}.Debug|x64.ActiveCfg = Debug|x64
		{AE24560B-3096-43C2-9D3D-FD84D280D097}.Debug|x64.Build.0 = Debug|x64
		{AE24560B-3096-43C2-9D3D-FD84D280D097}.Debug|x64.Deploy.0 = Debug|x64
		{AE24560B-3096-43C2-9D3D-FD84D280D097}.Release|Win32.ActiveCfg = Release|Win32
		{AE24560B-3096-43C2-9D3D-FD84D280D097}.Release|Win32.Build.0 = Release|Win32
		{AE24560B-3096-43C2-9D3D-FD84D280D097}.Release|Win32.Deploy.0 = Release|Win32
		{AE24560B-3096-43C2-9D3D-FD84D280D097}.Release|x64.ActiveCfg = Release|x64
		{AE24560B-3096-43C2-9D3D-FD84D280D097}.Release|x64.Build.0 = Release|x64
		{AE24560B-3096-43C2-9D3D-FD84D280D097}.Release|x64.Deploy.0 = Release|x64
		{B492B174-5862-4685-AD03-6A50F1BDD13D}.Debug|Win32.ActiveCfg = Debug|Win32
		{B492B174-5862-4685-AD03-6A50F1BDD13D}.Debug|Win32.Build.0 = Debug|Win32
		{B492B174-5862-4685-AD03-6A50F1BDD13D}.Debug|Win32.Deploy.0 = Debug|Win32
		{B492B174-5862-4685-AD03-6A50F1BDD13D}.Debug|x64.ActiveCfg = Debug|x64
		{B492B174-5862-4685-AD03-6A50F1BDD13D}.Debug|x64.Build.0 = Debug|x64
		{B492B174-5862-4685-AD03-6A50F1BDD13D}.Debug|x64.Deploy.0 = Debug|x64
		{B492B174-5862-4685-AD03-6A50F1BDD13D}.Release|Win32.ActiveCfg = Release|Win32
		{B492B174-5862-4685-AD03-6A50F1BDD13D}.Release|Win32.Build.0 = Release|Win32
		{B492B174-5862-4685-AD03-6A50F1BDD13D}.Release|Win32.Deploy.0 = Release|Win32
		{B492B174-5862-4685-AD03-6A50F1BDD13D}.Release|x64.ActiveCfg = Release|x64
		{B492B174-5862-4685-AD03-6A50F1BDD13D}.Release|x64.Build.0 = Release|x64
		{B492B174-5862-4685-AD03-6A50F1BDD13D}.Release|x64.Deploy.0 = Release|x64
		{967B345F-1149-4193-B741-D6139F8AF38F}.Debug|Win32.ActiveCfg = Debug|Win32
		{967B345F-1149-4193-B741-D6139F8AF38F}.Debug|Win32.Build.0 = Debug|Win32
		{967B345F-1149-4193-B741-D6139F8AF38F}.Debug|Win32.Deploy.0 = Debug|Win32
		{967B345F-1149-4193-B741-D6139F8AF38F}.Debug|x64.ActiveCfg = Debug|x64
		{967B345F-1149-4193-B741-D6139F8AF38F}.Debug|x64.Build.0 = Debug|x64
		{967B345F-1149-4193-B741-D6139F8AF38F}.Debug|x64.Deploy.0 = Debug|x64
		{967B345F-1149-4193-B741-D6139F8AF38F}.Release|Win32.ActiveCfg = Release|Win32
		{967B345F-1149-4193-B741-D6139F8AF38F}.Release|Win32.Build.0 = Release|Win32
		{967B345F-1149-4193-B741-D6139F8AF38F}.Release|Win32.Deploy.0 = Release|Win32
		{967B345F-1149-4193-B741-D6139F8AF38F}.Release|x64.ActiveCfg = Release|x64
		{967B345F-1149-4193-B741-D6139F8AF38F}.Release|x64.Build.0 = Release|x64
		{967B345F-1149-4193-B741-D6139F8AF38F}.Release|x64.Deploy.0 = Release|x64
		{5DA7D93A-0723-4DBE-BF13-A97095A6AF12}.Debug|Win32.ActiveCfg = Debug|Win32
		{5DA7D93A-0723-4DBE-BF13-A97095A6AF12}.Debug|Win32.Build.0 = Debug|Win32
		{5DA7D93A-0723-4DBE-BF13-A97095A6AF12}.Debug|Win32.Deploy.0 = Debug|Win32
		{5DA7D93A-0723-4DBE-BF13-A97095A6AF12}.Debug|x64.ActiveCfg = Debug|x64
		{5DA7D93A-0723-4DBE-BF13-A97095A6AF12}.Debug|x64.Build.0 = Debug|x64
		{5DA7D93A-0723-4DBE-BF13-A97095A6AF12}.Debug|x64.Deploy.0 = Debug|x64
		{5DA7D93A-0723-4DBE-BF13-A97095A6AF12}.Release|Win32.ActiveCfg = Release|Win32
		{5DA7D93A-0723-4DBE-BF13-A97095A6AF12}.Release|Win32.Build.0 = Release|Win32
		{5DA7D93A-0723-4DBE-BF13-A97095A6AF12}.Release|Win32.Deploy.0 = Release|Win32
		{5DA7D93A-0723-4DBE-BF13-A97095A6AF12}.Release|x64.ActiveCfg = Release|x64
		{5DA7D93A-0723-4DBE-BF13-A97095A6AF12}.Release|x64.Build.0 = Release|x64
		{5DA7D93A-0723-4DBE-BF13-A97095A6AF12}.Release|x64.Deploy.0 = Release|x64
		{8DE08BE4-E8FF-4C26-B22B-AFED824C663C}.Debug|Win32.ActiveCfg = Debug|Win32
		{8DE08BE4-E8FF-4C26-B22B-AFED824C663C}.Debug|Win32.Build.0 = Debug|Win32
		{8DE08BE4-E8FF-4C26-B22B-AFED824C663C}.Debug|Win32.Deploy.0 = Debug|Win32
		{8DE08BE4-E8FF-4C26-B22B-AFED824C663C}.Debug|x64.ActiveCfg = Debug|x64
		{8DE08BE4-E8FF-4C26-B22B-AFED824C663C}.Debug|x64.Build.0 = Debug|x64
		{8DE08BE4-E8FF-4C26-B22B-AFED824C663C}.Debug|x64.Deploy.0 = Debug|x64
		{8DE08BE4-E8FF-4C26-B22B-AFED824C663C}.Release|Win32.ActiveCfg = Release|Win32
		{8DE08BE4-E8FF-4C26-B22B-AFED824C663C}.Release|Win32.Build.0 = Release|Win32
		{8DE08BE4-E8FF-4C26-B22B-AFED824C663C}.Release|Win32.Deploy.0 = Release|Win32
		{8DE08BE4-E8FF-4C26-B22B-AFED824C663C}.Release|x64.ActiveCfg = Release|x64
		{8DE08BE4-E8FF-4C26-B22B-AFED824C663C}.Release|x64.Build.0 = Release|x64
		{8DE08BE4-E8FF-4C26-B22B-AFED824C663C}.Release|x64.Deploy.0 = Release|x64
		{29709949-8033-4E22-81B4-69292481DC72}.Debug|Win32.ActiveCfg = Debug|Win32
		{29709949-8033-4E22-81B4-69292481DC72}.Debug|Win32.Build.0 = Debug|Win32
		{29709949-8033-4E22-81B4-69292481DC72}.Debug|Win32.Deploy.0 = Debug|Win32
		{29709949-8033-4E22-81B4-69292481DC72}.Debug|x64.ActiveCfg = Debug|x64
		{29709949-8033-4E22-81B4-69292481DC72}.Debug|x64.Build.0 = Debug|x64
		{29709949-8033-4E22-81B4-69292481DC72}.Debug|x64.Deploy.0 = Debug|x64
		{29709949-8033-4E22-81B4-69292481DC72}.Release|Win32.ActiveCfg = Release|Win32
		{29709949-8033-4E22-81B4-69292481DC72}.Release|Win32.Build.0 = Release|Win32
		{29709949-8033-4E22-81B4-69292481DC72}.Release|Win32.Deploy.0 = Release|Win32
		{29709949-8033-4E22-81B4-69292481DC72}.Release|x64.ActiveCfg = Release|x64
		{29709949-8033-4E22-81B4-69292481DC72}.Release|x64.Build.0 = Release|x64
		{29709949-8033-4E22-81B4-69292481DC72}.Release|x64.Deploy.0 = Release|x64
		{E6E25956-AB15-4DF5-9BAC-89A86F4AED89}.Debug|Win32.ActiveCfg = Debug|Win32
		{E6E25956-AB15-4DF5-9BAC-89A86F4AED89}.Debug|Win32.Build.0 = Debug|Win32
		{E6E25956-AB15-4DF5-9BAC-89A86F4AED89}.Debug|Win32.Deploy.0 = Debug|Win32
		{E6E25956-AB15-4DF5-9BAC-89A86F4AED89}.Debug|x64.ActiveCfg = Debug|x64
		{E6E25956-AB15-4DF5-9BAC-89A86F4AED89}.Debug|x64.Build.0 = Debug|x64
		{E6E25956-AB15-4DF5-9BAC-89A86F4AED89}.Debug|x64.Deploy.0 = Debug|x64
		{E6E25956-AB15-4DF5-9BAC-89A86F4AED89}.Release|Win32.ActiveCfg = Release|Win32
		{E6E25956-AB15-4DF5-9BAC-89A86F4AED89}.Release|Win32.Build.0 = Release|Win32
		{E6E25956-AB15-4DF5-9BAC-89A86F4AED89}.Release|Win32.Deploy.0 = Release|Win32
		{E6E25956-AB15-4DF5-9BAC-89A86F4AED89}.Release|x64.ActiveCfg = Release|x64
		{E6E25956-AB15-4DF5-9BAC-89A86F4AED89}.Release|x64.Build.0 = Release|x64
		{E6E25956-AB15-4DF5-9BAC-89A86F4AED89}.Release|x64.Deploy.0 = Release|x64
		{DEDA3E03-4415-4F73-AC81-0D3DA90FBD35}.Debug|Win32.ActiveCfg = Debug|Win32
		{DEDA3E03-4415-4F73-AC81-0D3DA90FBD35}.Debug|Win32.Build.0 = Debug|Win32
		{DEDA3E03-4415-4F73-AC81-0D3DA90FBD35}.Debug|Win32.Deploy.0 = Debug|Win32
		{DEDA3E03-4415-4F73-AC81-0D3DA90FBD35}.Debug|x64.ActiveCfg = Debug|x64
		{DEDA3E03-4415-4F73-AC81-0D3DA90FBD35}.Debug|x64.Build.0 = Debug|x64
		{DEDA3E03-4415-4F73-AC81-0D3DA90FBD35}.Debug|x64.Deploy.0 = Debug|x64
		{DEDA3E03-4415-4F73-AC81-0D3DA90FBD35}.Release|Win32.ActiveCfg = Release|Win32
		{DEDA3E03-4415-4F73-AC81-0D3DA90FBD35}.Release|Win32.Build.0 = Release|Win32
		{DEDA3E03-4415-4F73-AC81-0D3DA90FBD35}.Release|Win32.Deploy.0 = Release|Win32
		{DEDA3E03-4415-4F73-AC81-0D3DA90FBD35}.Release|x64.ActiveCfg = Release|x64
		{DEDA3E03-4415-4F73-AC81-0D3DA90FBD35}.Release|x64.Build.0 = Release|x64
		{DEDA3E03-4415-4F73-AC81-0D3DA90FBD35}.Release|x64.Deploy.0 = Release|x64
		{A8051171-1128-42D4-8A06-117AEEB9B898}.Debug|Win32.ActiveCfg = Debug|Win32
		{A8051171-1128-42D4-8A06-117AEEB9B898}.Debug|Win32.Build.0 = Debug|Win32
		{A8051171-1128-42D4-8A06-117AEEB9B898}.Debug|Win32.Deploy.0 = Debug|Win32
		{A8051171-1128-42D4-8A06-117AEEB9B898}.Debug|x64.ActiveCfg = Debug|x64
		{A8051171-1128-42D4-8A06-117AEEB9B898}.Debug|x64.Build.0 = Debug|x64
		{A8051171-1128-42D4-8A06-117AEEB9B898}.Debug|x64.Deploy.0 = Debug|x64
		{A8051171-1128-42D4-8A06-117AEEB9B898}.Release|Win32.ActiveCfg = Release|Win32
		{A8051171-1128-42D4-8A06-117AEEB9B898}.Release|Win32.Build.0 = Release|Win32
		{A8051171-1128-42D4-8A06-117AEEB9B898}.Release|Win32.Deploy.0 = Release|Win32
		{A8051171-1128-42D4-8A06-117AEEB9B898}.Release|x64.ActiveCfg = Release|x64
		{A8051171-1128-42D4-8A06-117AEEB9B898}.Release|x64.Build.0 = Release|x64
		{A8051171-1128-42D4-8A06-117AEEB9B898}.Release|x64.Deploy.0 = Release|x64
		{7585DF47-03ED-469D-9C39-407430D595FA}.Debug|Win32.ActiveCfg = Debug|Win32
		{7585DF47-03ED-469D-9C39-407430D595FA}.Debug|Win32.Build.0 = Debug|Win32
		{7585DF47-03ED-469D-9C39-407430D595FA}.Debug|Win32.Deploy.0 = Debug|Win32
		{7585DF47-03ED-469D-9C39-407430D595FA}.Debug|x64.ActiveCfg = Debug|x64
		{7585DF47-03ED-469D-9C39-407430D595FA}.Debug|x64.Build.0 = Debug|x64
		{7585DF47-03ED-469D-9C39-407430D595FA}.Debug|x64.Deploy.0 = Debug|x64
		{7585DF47-03ED-469D-9C39-407430D595FA}.Release|Win32.ActiveCfg = Release|Win32
		{7585DF47-03ED-469D-9C39-407430D595FA}.Release|Win32.Build.0 = Release|Win32
		{7585DF47-03ED-469D-9C39-407430D595FA}.Release|Win32.Deploy.0 = Release|Win32
		{7585DF47-03ED-469D-9C39-407430D595FA}.Release|x64.ActiveCfg = Release|x64
		{7585DF47-03ED-469D-9C39-407430D595FA}.Release|x64.Build.0 = Release|x64
		{7585DF47-03ED-469D-9C39-407430D595FA}.Release|x64.Deploy.0 = Release|x64
		{D0EDB166-E801-406A-BF17-2DB9E43061F6}.Debug|Win32.ActiveCfg = Debug|Win32
		{D0EDB166-E801-406A-BF17-2DB9E43061F6}.Debug|Win32.Build.0 = Debug|Win32
		{D0EDB166-E801-406A-BF17-2DB9E43061F6}.Debug|Win32.Deploy.0 = Debug|Win32
		{D0EDB166-E801-406A-BF17-2DB9E43061F6}.Debug|x64.ActiveCfg = Debug|x64
		{D0EDB166-E801-406A-BF17-2DB9E43061F6}.Debug|x64.Build.0 = Debug|x64
		{D0EDB166-E801-406A-BF17-2DB9E43061F6}.Debug|x64.Deploy.0 = Debug|x64
		{D0EDB166-E801-406A-BF17-2DB9E43061F6}.Release|Win32.ActiveCfg = Release|Win32
		{D0EDB166-E801-406A-BF17-2DB9E43061F6}.Release|Win32.Build.0 = Release|Win32
		{D0EDB166-E801-406A-BF17-2DB9E43061F6}.Release|Win32.Deploy.0 = Release|Win32
		{D0EDB166-E801-406A-BF17-2DB9E43061F6}.Release|x64.ActiveCfg = Release|x64
		{D0EDB166-E801-406A-BF17-2DB9E43061F6}.Release|x64.Build.0 = Release|x64
		{D0EDB166-E801-406A-BF17-2DB9E43061F6}.Release|x64.Deploy.0 = Release|x64
		{11BCB772-641D-4C0C-B2A2-C9A26371EFB8}.Debug|Win32.ActiveCfg = Debug|Win32
		{11BCB772-641D-4C0C-B2A2-C9A26371EFB8}.Debug|Win32.Build.0 = Debug|Win32
		{11BCB772-641D-4C0C-B2A2-C9A26371EFB8}.Debug|Win32.Deploy.0 = Debug|Win32
		{11BCB772-641D-4C0C-B2A2-C9A26371EFB8}.Debug|x64.ActiveCfg = Debug|x64
		{11BCB772-641D-4C0C-B2A2-C9A26371EFB8}.Debug|x64.Build.0 = Debug|x64
		{11BCB772-641D-4C0C-B2A2-C9A26371EFB8}.Debug|x64.Deploy.0 = Debug|x64
		{11BCB772-641D-4C0C-B2A2-C9A26371EFB8}.Release|Win32.ActiveCfg = Release|Win32
		{11BCB772-641D-4C0C-B2A2-C9A26371EFB8}.Release|Win32.Build.0 = Release|Win32
		{11BCB772-641D-4C0C-B2A2-C9A26371EFB8}.Release|Win32.Deploy.0 = Release|Win32
		{11BCB772-641D-4C0C-B2A2-C9A26371EFB8}.Release|x64.ActiveCfg = Release|x64
		{11BCB772-641D-4C0C-B2A2-C9A26371EFB8}.Release|x64.Build.0 = Release|x64
		{11BCB772-641D-4C0C-B2A2-C9A26371EFB8}.Release|x64.Deploy.0 = Release|x64
		{85E648C7-3611-4E41-9381-3C30A7CBCE6E}.Debug|Win32.ActiveCfg = Debug|Win32
		{85E648C7-3611-4E41-9381-3C30A7CBCE6E}.Debug|Win32.Build.0 = Debug|Win32
		{85E648C7-3611-4E41-9381-3C30A7CBCE6E}.Debug|Win32.Deploy.0 = Debug|Win32
		{85E648C7-3611-4E41-9381-3C30A7CBCE6E}.Debug|x64.ActiveCfg = Debug|x64
		{85E648C7-3611-4E41-9381-3C30A7CBCE6E}.Debug|x64.Build.0 = Debug|x64
		{85E648C7-3611-4E41-9381-3C30A7CBCE6E}.Debug|x64.Deploy.0 = Debug|x64
		{85E648C7-3611-4E41-9381-3C30A7CBCE6E}.Release|Win32.ActiveCfg = Release|Win32
		{85E648C7-3611-4E41-9381-3C30A7CBCE6E}.Release|Win32.Build.0 = Release|Win32
		{85E648C7-3611-4E41-9381-3C30A7CBCE6E}.Release|Win32.Deploy.0 = Release|Win32
		{85E648C7-3611-4E41-9381-3C30A7CBCE6E}.Release|x64.ActiveCfg = Release|x64
		{85E648C7-3611-4E41-9381-3C30A7CBCE6E}.Release|x64.Build.0 = Release|x64
		{85E648C7-3611-4E41-9381-3C30A7CBCE6E}.Release|x64.Deploy.0 = Release|x64
		{57A8A82A-0A81-4842-8334-7D778CB8C298}.Debug|Win32.ActiveCfg = Debug|Win32
		{57A8A82A-0A81-4842-8334-7D778CB8C298}.Debug|Win32.Build.0 = Debug|Win32
		{57A8A82A-0A81-4842-8334-7D778CB8C298}.Debug|Win32.Deploy.0 = Debug|Win32
		{57A8A82A-0A81-4842-8334-7D778CB8C298}.Debug|x64.ActiveCfg = Debug|x64
		{57A8A82A-0A81-4842-8334-7D778CB8C298}.Debug|x64.Build.0 = Debug|x64
		{57A8A82A-0A81-4842-8334-7D778CB8C298}.Debug|x64.Deploy.0 = Debug|x64
		{57A8A82A-0A81-4842-8334-7D778CB8C298}.Release|Win32.ActiveCfg = Release|Win32
		{57A8A82A-0A81-4842-8334-7D778CB8C298}.Release|Win32.Build.0 = Release|Win32
		{57A8A82A-0A81-4842-8334-7D778CB8C298}.Release|Win32.Deploy.0 = Release|Win32
		{57A8A82A-0A81-4842-8334-7D778CB8C298}.Release|x64.ActiveCfg = Release|x64
		{57A8A82A-0A81-4842-8334-7D778CB8C298}.Release|x64.Build.0 = Release|x64
		{57A8A82A-0A81-4842-8334-7D778CB8C298}.Release|x64.Deploy.0 = Release|x64
		{15E5DFCB-FFDA-4861-B84E-412900C937E9}.Debug|Win32.ActiveCfg = Debug|Win32
		{15E5DFCB-FFDA-4861-B84E-412900C937E9}.Debug|Win32.Build.0 = Debug|Win32
		{15E5DFCB-FFDA-4861-B84E-412900C937E9}.Debug|Win32.Deploy.0 = Debug|Win32
		{15E5DFCB-FFDA-4861-B84E-412900C937E9}.Debug|x64.ActiveCfg = Debug|x64
		{15E5DFCB-FFDA-4861-B84E-412900C937E9}.Debug|x64.Build.0 = Debug|x64
		{15E5DFCB-FFDA-4861-B84E-412900C937E9}.Debug|x64.Deploy.0 = Debug|x64
		{15E5DFCB-FFDA-4861-B84E-412900C937E9}.Release|Win32.ActiveCfg = Release|Win32
		{15E5DFCB-FFDA-4861-B84E-412900C937E9}.Release|Win32.Build.0 = Release|Win32
		{15E5DFCB-FFDA-4861-B84E-412900C937E9}.Release|Win32.Deploy.0 = Release|Win32
		{15E5DFCB-FFDA-4861-B84E-412900C937E9}.Release|x64.ActiveCfg = Release|x64
		{15E5DFCB-FFDA-4861-B84E-412900C937E9}.Release|x64.Build.0 = Release|x64
		{15E5DFCB-FFDA-4861-B84E-412900C937E9}.Release|x64.Deploy.0 = Release|x64
		{905343DC-1B19-4CEA-B350-7755ADFE6135}.Debug|Win32.ActiveCfg = Debug|Win32
		{905343DC-1B19-4CEA-B350-7755ADFE6135}.Debug|Win32.Build.0 = Debug|Win32
		{905343DC-1B19-4CEA-B350-7755ADFE6135}.Debug|Win32.Deploy.0 = Debug|Win32
		{905343DC-1B19-4CEA-B350-7755ADFE6135}.Debug|x64.ActiveCfg = Debug|x64
		{905343DC-1B19-4CEA-B350-7755ADFE6135}.Debug|x64.Build.0 = Debug|x64
		{905343DC-1B19-4CEA-B350-7755ADFE6135}.Debug|x64.Deploy.0 = Debug|x64
		{905343DC-1B19-4CEA-B350-7755ADFE6135}.Release|Win32.ActiveCfg = Release|Win32
		{905343DC-1B19-4CEA-B350-7755ADFE6135}.Release|Win32.Build.0 = Release|Win32
		{905343DC-1B19-4CEA-B350-7755ADFE6135}.Release|Win32.Deploy.0 = Release|Win32
		{905343DC-1B19-4CEA-B350-7755ADFE6135}.Release|x64.ActiveCfg = Release|x64
		{905343DC-1B19-4CEA-B350-7755ADFE6135}.Release|x64.Build.0 = Release|x64
		{905343DC-1B19-4CEA-B350-7755ADFE6135}.Release|x64.Deploy.0 = Release|x64
		{E13818EB-D572-4927-8435-D28983437E83}.Debug|Win32.ActiveCfg = Debug|Win32
		{E13818EB-D572-4927-8435-D28983437E83}.Debug|Win32.Build.0 = Debug|Win32
		{E13818EB-D572-4927-8435-D28983437E83}.Debug|Win32.Deploy.0 = Debug|Win32
		{E13818EB-D572-4927-8435-D28983437E83}.Debug|x64.ActiveCfg = Debug|x64
		{E13818EB-D572-4927-8435-D28983437E83}.Debug|x64.Build.0 = Debug|x64
		{E13818EB-D572-4927-8435-D28983437E83}.Debug|x64.Deploy.0 = Debug|x64
		{E13818EB-D572-4927-8435-D28983437E83}.Release|Win32.ActiveCfg = Release|Win32
		{E13818EB-D572-4927-8435-D28983437E83}.Release|Win32.Build.0 = Release|Win32
		{E13818EB-D572-4927-8435-D28983437E83}.Release|Win32.Deploy.0 = Release|Win32
		{E13818EB-D572-4927-8435-D28983437E83}.Release|x64.ActiveCfg = Release|x64
		{E13818EB-D572-4927-8435-D28983437E83}.Release|x64.Build.0 = Release|x64
		{E13818EB-D572-4927-8435-D28983437E83}.Release|x64.Deploy.0 = Release|x64
		{6AB8B915-50E0-403D-BE30-AB565B9EBEC1}.Debug|Win32.ActiveCfg = Debug|Win32
		{6AB8B915-50E0-403D-BE30-AB565B9EBEC1}.Debug|Win32.Build.0 = Debug|Win32
		{6AB8B915-50E0-403D-BE30-AB565B9EBEC1}.Debug|Win32.Deploy.0 = Debug|Win32
		{6AB8B915-50E0-403D-BE30-AB565B9EBEC1}.Debug|x64.ActiveCfg = Debug|x64
		{6AB8B915-50E0-403D-BE30-AB565B9EBEC1}.Debug|x64.Build.0 = Debug|x64
		{6AB8B915-50E0-403D-BE30-AB565B9EBEC1}.Debug|x64.Deploy.0 = Debug|x64
		{6AB8B915-50E0-403D-BE30-AB565B9EBEC1}.Release|Win32.ActiveCfg = Release|Win32
		{6AB8B915-50E0-403D-BE30-AB565B9EBEC1}.Release|Win32.Build.0 = Release|Win32
		{6AB8B915-50E0-403D-BE30-AB565B9EBEC1}.Release|Win32.Deploy.0 = Release|Win32
		{6AB8B915-50E0-403D-BE30-AB565B9EBEC1}.Release|x64.ActiveCfg = Release|x64
		{6AB8B915-50E0-403D-BE30-AB565B9EBEC1}.Release|x64.Build.0 = Release|x64
		{6AB8B915-50E0-403D-BE30-AB565B9EBEC1}.Release|x64.Deploy.0 = Release|x64
		{8CD19762-C46F-406B-988E-19D5DA22F682}.Debug|Win32.ActiveCfg = Debug|Win32
		{8CD19762-C46F-406B-988E-19D5DA22F682}.Debug|Win32.Build.0 = Debug|Win32
		{8CD19762-C46F-406B-988E-19D5DA22F682}.Debug|Win32.Deploy.0 = Debug|Win32
		{8CD19762-C46F-406B-988E-19D5DA22F682}.Debug|x64.ActiveCfg = Debug|x64
		{8CD19762-C46F-406B-988E-19D5DA22F682}.Debug|x64.Build.0 = Debug|x64
		{8CD19762-C46F-406B-988E-19D5DA22F682}.Debug|x64.Deploy.0 = Debug|x64
		{8CD19762-C46F-406B-988E-19D5DA22F682}.Release|Win32.ActiveCfg = Release|Win32
		{8CD19762-C46F-406B-988E-19D5DA22F682}.Release|Win32.Build.0 = Release|Win32
		{8CD19762-C46F-406B-988E-19D5DA22F682}.Release|Win32.Deploy.0 = Release|Win32
		{8CD19762-C46F-406B-988E-19D5DA22F682}.Release|x64.ActiveCfg = Release|x64
		{8CD19762-C46F-406B-988E-19D5DA22F682}.Release|x64.Build.0 = Release|x64
		{8CD19762-C46F-406B-988E-19D5DA22F682}.Release|x64.Deploy.0 = Release|x64
		{02A97D3D-E155-4274-94FE-5A2EE0994128}.Debug|Win32.ActiveCfg = Debug|Win32
		{02A97D3D-E155-4274-94FE-5A2EE0994128}.Debug|Win32.Build.0 = Debug|Win32
		{02A97D3D-E155-4274-94FE-5A2EE0994128}.Debug|Win32.Deploy.0 = Debug|Win32
		{02A97D3D-E155-4274-94FE-5A2EE0994128}.Debug|x64.ActiveCfg = Debug|x64
		{02A97D3D-E155-4274-94FE-5A2EE0994128}.Debug|x64.Build.0 = Debug|x64
		{02A97D3D-E155-4274-94FE-5A2EE0994128}.Debug|x64.Deploy.0 = Debug|x64
		{02A97D3D-E155-4274-94FE-5A2EE0994128}.Release|Win32.ActiveCfg = Release|Win32
		{02A97D3D-E155-4274-94FE-5A2EE0994128}.Release|Win32.Build.0 = Release|Win32
		{02A97D3D-E155-4274-94FE-5A2EE0994128}.Release|Win32.Deploy.0 = Release|Win32
		{02A97D3D-E155-4274-94FE-5A2EE0994128}.Release|x64.ActiveCfg = Release|x64
		{02A97D3D-E155-4274-94FE-5A2EE0994128}.Release|x64.Build.0 = Release|x64
		{02A97D3D-E155-4274-94FE-5A2EE0994128}.Release|x64.Deploy.0 = Release|x64
		{C233E6F1-CA66-44F0-A03B-1E81BDA27884}.Debug|Win32.ActiveCfg = Debug|Win32
		{C233E6F1-CA66-44F0-A03B-1E81BDA27884}.Debug|Win32.Build.0 = Debug|Win32
		{C233E6F1-CA66-44F0-A03B-1E81BDA27884}.Debug|Win32.Deploy.0 = Debug|Win32
		{C233E6F1-CA66-44F0-A03B-1E81BDA27884}.Debug|x64.ActiveCfg = Debug|x64
		{C233E6F1-CA66-44F0-A03B-1E81BDA27884}.Debug|x64.Build.0 = Debug|x64
		{C233E6F1-CA66-44F0-A03B-1E81BDA27884}.Debug|x64.Deploy.0 = Debug|x64
		{C233E6F1-CA66-44F0-A03B-1E81BDA27884}.Release|Win32.ActiveCfg = Release|Win32
		{C233E6F1-CA66-44F0-A03B-1E81BDA27884}.Release|Win32.Build.0 = Release|Win32
		{C233E6F1-CA66-44F0-A03B-1E81BDA27884}.Release|Win32.Deploy.0 = Release|Win32
		{C233E6F1-CA66-44F0-A03B-1E81BDA27884}.Release|x64.ActiveCfg = Release|x64
		{C233E6F1-CA66-44F0-A03B-1E81BDA27884}.Release|x64.Build.0 = Release|x64
		{C233E6F1-CA66-44F0-A03B-1E81BDA27884}.Release|x64.Deploy.0 = Release|x64
		{5B180544-857C-4761-83BC-A336B539C305}.Debug|Win32.ActiveCfg = Debug|Win32
		{5B180544-857C-4761-83BC-A336B539C305}.Debug|Win32.Build.0 = Debug|Win32
		{5B180544-857C-4761-83BC-A336B539C305}.Debug|Win32.Deploy.0 = Debug|Win32
		{5B180544-857C-4761-83BC-A336B539C305}.Debug|x64.ActiveCfg = Debug|x64
		{5B180544-857C-4761-83BC-A336B539C305}.Debug|x64.Build.0 = Debug|x64
		{5B180544-857C-4761-83BC-A336B539C305}.Debug|x64.Deploy.0 = Debug|x64
		{5B180544-857C-4761-83BC-A336B539C305}.Release|Win32.ActiveCfg = Release|Win32
		{5B180544-857C-4761-83BC-A336B539C305}.Release|Win32.Build.0 = Release|Win32
		{5B180544-857C-4761-83BC-A336B539C305}.Release|Win32.Deploy.0 = Release|Win32
		{5B180544-857C-4761-83BC-A336B539C305}.Release|x64.ActiveCfg = Release|x64
		{5B180544-857C-4761-83BC-A336B539C305}.Release|x64.Build.0 = Release|x64
		{5B180544-857C-4761-83BC-A336B539C305}.Release|x64.Deploy.0 = Release|x64
		{46537E57-6AFC-4034-8224-A8F5642C21D9}.Debug|Win32.ActiveCfg = Debug|Win32
		{46537E57-6AFC-4034-8224-A8F5642C21D9}.Debug|Win32.Build.0 = Debug|Win32
		{46537E57-6AFC-4034-8224-A8F5642C21D9}.Debug|Win32.Deploy.0 = Debug|Win32
		{46537E57-6AFC-4034-8224-A8F5642C21D9}.Debug|x64.ActiveCfg = Debug|x64
		{46537E57-6AFC-4034-8224-A8F5642C21D9}.Debug|x64.Build.0 = Debug|x64
		{46537E57-6AFC-4034-8224-A8F5642C21D9}.Debug|x64.Deploy.0 = Debug|x64
		{46537E57-6AFC-4034-8224-A8F5642C21D9}.Release|Win32.ActiveCfg = Release|Win32
		{46537E57-6AFC-4034-8224-A8F5642C21D9}.Release|Win32.Build.0 = Release|Win32
		{46537E57-6AFC-4034-8224-A8F5642C21D9}.Release|Win32.Deploy.0 = Release|Win32
		{46537E57-6AFC-4034-8224-A8F5642C21D9}.Release|x64.ActiveCfg = Release|x64
		{46537E57-6AFC-4034-8224-A8F5642C21D9}.Release|x64.Build.0 = Release|x64
		{46537E57-6AFC-4034-8224-A8F5642C21D9}.Release|x64.Deploy.0 = Release|x64
		{E8FDADF1-B181-436C-8CEF-EE03582666F7}.Debug|Win32.ActiveCfg = Debug|Win32
		{E8FDADF1-B181-436C-8CEF-EE03582666F7}.Debug|Win32.Build.0 = Debug|Win32
		{E8FDADF1-B181-436C-8CEF-EE03582666F7}.Debug|Win32.Deploy.0 = Debug|Win32
		{E8FDADF1-B181-436C-8CEF-EE03582666F7}.Debug|x64.ActiveCfg = Debug|x64
		{E8FDADF1-B181-436C-8CEF-EE03582666F7}.Debug|x64.Build.0 = Debug|x64
		{E8FDADF1-B181-436C-8CEF-EE03582666F7}.Debug|x64.Deploy.0 = Debug|x64
		{E8FDADF1-B181-436C-8CEF-EE03582666F7}.Release|Win32.ActiveCfg = Release|Win32
		{E8FDADF1-B181-436C-8CEF-EE03582666F7}.Release|Win32.Build.0 = Release|Win32
		{E8FDADF1-B181-436C-8CEF-EE03582666F7}.Release|Win32.Deploy.0 = Release|Win32
		{E8FDADF1-B181-436C-8CEF-EE03582666F7}.Release|x64.ActiveCfg = Release|x64
		{E8FDADF1-B181-436C-8CEF-EE03582666F7}.Release|x64.Build.0 = Release|x64
		{E8FDADF1-B181-436C-8CEF-EE03582666F7}.Release|x64.Deploy.0 = Release|x64
		{FD71EA1C-F7A9-4020-99F2-F36B553857CF}.Debug|Win32.ActiveCfg = Debug|Win32
		{FD71EA1C-F7A9-4020-99F2-F36B553857CF}.Debug|Win32.Build.0 = Debug|Win32
		{FD71EA1C-F7A9-4020-99F2-F36B553857CF}.Debug|Win32.Deploy.0 = Debug|Win32
		{FD71EA1C-F7A9-4020-99F2-F36B553857CF}.Debug|x64.ActiveCfg = Debug|x64
		{FD71EA1C-F7A9-4020-99F2-F36B553857CF}.Debug|x64.Build.0 = Debug|x64
		{FD71EA1C-F7A9-4020-99F2-F36B553857CF}.Debug|x64.Deploy.0 = Debug|x64
		{FD71EA1C-F7A9-4020-99F2-F36B553857CF}.Release|Win32.ActiveCfg = Release|Win32
		{FD71EA1C-F7A9-4020-99F2-F36B553857CF}.Release|Win32.Build.0 = Release|Win32
		{FD71EA1C-F7A9-4020-99F2-F36B553857CF}.Release|Win32.Deploy.0 = Release|Win32
		{FD71EA1C-F7A9-4020-99F2-F36B553857CF}.Release|x64.ActiveCfg = Release|x64
		{FD71EA1C-F7A9-4020-99F2-F36B553857CF}.Release|x64.Build.0 = Release|x64
		{FD71EA1C-F7A9-4020-99F2-F36B553857CF}.Release|x64.Deploy.0 = Release|x64
	EndGlobalSection
	GlobalSection(SolutionProperties) = preSolution
		HideSolutionNode = FALSE
	EndGlobalSection
EndGlobal
